
Microsoft Visual Studio Solution File, Format Version 12.00
# Visual Studio Version 17
VisualStudioVersion = 17.13.35806.99 d17.13
MinimumVisualStudioVersion = 10.0.40219.1
Project("{FAE04EC0-301F-11D3-BF4B-00C04F79EFBC}") = "demo", "demo\demo.csproj", "{B68FEC35-CC02-4090-85A3-A0A365BB7553}"
EndProject
Global
	GlobalSection(SolutionConfigurationPlatforms) = preSolution
		Debug|Any CPU = Debug|Any CPU
		Release|Any CPU = Release|Any CPU
	EndGlobalSection
	GlobalSection(ProjectConfigurationPlatforms) = postSolution
		{B68FEC35-CC02-4090-85A3-A0A365BB7553}.Debug|Any CPU.ActiveCfg = Debug|Any CPU
		{B68FEC35-CC02-4090-85A3-A0A365BB7553}.Debug|Any CPU.Build.0 = Debug|Any CPU
		{B68FEC35-CC02-4090-85A3-A0A365BB7553}.Release|Any CPU.ActiveCfg = Release|Any CPU
		{B68FEC35-CC02-4090-85A3-A0A365BB7553}.Release|Any CPU.Build.0 = Release|Any CPU
	EndGlobalSection
	GlobalSection(SolutionProperties) = preSolution
		HideSolutionNode = FALSE
	EndGlobalSection
	GlobalSection(ExtensibilityGlobals) = postSolution
		SolutionGuid = {D2637453-AC58-4059-86ED-42E23CCC84CF}
	EndGlobalSection
EndGlobal
